
Microsoft Visual Studio Solution File, Format Version 12.00
# Visual Studio Version 17
VisualStudioVersion = 17.1.32328.378
MinimumVisualStudioVersion = 10.0.40219.1
Project("{FAE04EC0-301F-11D3-BF4B-00C04F79EFBC}") = "Web", "Web\Web.csproj", "{88E1C6E4-DE1D-4C2F-971B-3889DFAB6287}"
EndProject
Project("{FAE04EC0-301F-11D3-BF4B-00C04F79EFBC}") = "Core", "Core\Core.csproj", "{C37CF80B-3852-42F2-ADAD-E00C40FAB817}"
EndProject
Project("{FAE04EC0-301F-11D3-BF4B-00C04F79EFBC}") = "Infrastructure", "Infrastructure\Infrastructure.csproj", "{C1AB094B-E1C2-4082-8CA6-673F0E6B7824}"
EndProject
Global
	GlobalSection(SolutionConfigurationPlatforms) = preSolution
		Debug|Any CPU = Debug|Any CPU
		Release|Any CPU = Release|Any CPU
	EndGlobalSection
	GlobalSection(ProjectConfigurationPlatforms) = postSolution
		{88E1C6E4-DE1D-4C2F-971B-3889DFAB6287}.Debug|Any CPU.ActiveCfg = Debug|Any CPU
		{88E1C6E4-DE1D-4C2F-971B-3889DFAB6287}.Debug|Any CPU.Build.0 = Debug|Any CPU
		{88E1C6E4-DE1D-4C2F-971B-3889DFAB6287}.Release|Any CPU.ActiveCfg = Release|Any CPU
		{88E1C6E4-DE1D-4C2F-971B-3889DFAB6287}.Release|Any CPU.Build.0 = Release|Any CPU
		{C37CF80B-3852-42F2-ADAD-E00C40FAB817}.Debug|Any CPU.ActiveCfg = Debug|Any CPU
		{C37CF80B-3852-42F2-ADAD-E00C40FAB817}.Debug|Any CPU.Build.0 = Debug|Any CPU
		{C37CF80B-3852-42F2-ADAD-E00C40FAB817}.Release|Any CPU.ActiveCfg = Release|Any CPU
		{C37CF80B-3852-42F2-ADAD-E00C40FAB817}.Release|Any CPU.Build.0 = Release|Any CPU
		{C1AB094B-E1C2-4082-8CA6-673F0E6B7824}.Debug|Any CPU.ActiveCfg = Debug|Any CPU
		{C1AB094B-E1C2-4082-8CA6-673F0E6B7824}.Debug|Any CPU.Build.0 = Debug|Any CPU
		{C1AB094B-E1C2-4082-8CA6-673F0E6B7824}.Release|Any CPU.ActiveCfg = Release|Any CPU
		{C1AB094B-E1C2-4082-8CA6-673F0E6B7824}.Release|Any CPU.Build.0 = Release|Any CPU
	EndGlobalSection
	GlobalSection(SolutionProperties) = preSolution
		HideSolutionNode = FALSE
	EndGlobalSection
	GlobalSection(ExtensibilityGlobals) = postSolution
		SolutionGuid = {49304831-2799-4000-9122-DCAD1FE8DF20}
	EndGlobalSection
EndGlobal
